
Microsoft Visual Studio Solution File, Format Version 12.00
# Visual Studio Version 17
VisualStudioVersion = 17.3.32929.385
MinimumVisualStudioVersion = 10.0.40219.1
Project("{9A19103F-16F7-4668-BE54-9A1E7A4F7556}") = "12prac", "12prac\12prac.csproj", "{5D6567E2-2E3F-490F-829E-ADD150512C49}"
EndProject
Project("{FAE04EC0-301F-11D3-BF4B-00C04F79EFBC}") = "ClassLibrary", "ClassLibrary\ClassLibrary.csproj", "{C97C1100-8DA7-420D-A679-90F89F254BE2}"
EndProject
Global
	GlobalSection(SolutionConfigurationPlatforms) = preSolution
		Debug|Any CPU = Debug|Any CPU
		Release|Any CPU = Release|Any CPU
	EndGlobalSection
	GlobalSection(ProjectConfigurationPlatforms) = postSolution
		{5D6567E2-2E3F-490F-829E-ADD150512C49}.Debug|Any CPU.ActiveCfg = Debug|Any CPU
		{5D6567E2-2E3F-490F-829E-ADD150512C49}.Debug|Any CPU.Build.0 = Debug|Any CPU
		{5D6567E2-2E3F-490F-829E-ADD150512C49}.Release|Any CPU.ActiveCfg = Release|Any CPU
		{5D6567E2-2E3F-490F-829E-ADD150512C49}.Release|Any CPU.Build.0 = Release|Any CPU
		{C97C1100-8DA7-420D-A679-90F89F254BE2}.Debug|Any CPU.ActiveCfg = Debug|Any CPU
		{C97C1100-8DA7-420D-A679-90F89F254BE2}.Debug|Any CPU.Build.0 = Debug|Any CPU
		{C97C1100-8DA7-420D-A679-90F89F254BE2}.Release|Any CPU.ActiveCfg = Release|Any CPU
		{C97C1100-8DA7-420D-A679-90F89F254BE2}.Release|Any CPU.Build.0 = Release|Any CPU
	EndGlobalSection
	GlobalSection(SolutionProperties) = preSolution
		HideSolutionNode = FALSE
	EndGlobalSection
	GlobalSection(ExtensibilityGlobals) = postSolution
		SolutionGuid = {5D619D30-895F-4A1B-94FB-BE66FE4F9FDC}
	EndGlobalSection
EndGlobal
